
Microsoft Visual Studio Solution File, Format Version 12.00
# Visual Studio Version 16
VisualStudioVersion = 16.0.29215.179
MinimumVisualStudioVersion = 10.0.40219.1
Project("{FAE04EC0-301F-11D3-BF4B-00C04F79EFBC}") = "xadrez-console", "xadrez-console\xadrez-console.csproj", "{118EB5DD-11E2-4D64-8DAA-1E6FDFD0A4D3}"
EndProject
Global
	GlobalSection(SolutionConfigurationPlatforms) = preSolution
		Debug|Any CPU = Debug|Any CPU
		Release|Any CPU = Release|Any CPU
	EndGlobalSection
	GlobalSection(ProjectConfigurationPlatforms) = postSolution
		{118EB5DD-11E2-4D64-8DAA-1E6FDFD0A4D3}.Debug|Any CPU.ActiveCfg = Debug|Any CPU
		{118EB5DD-11E2-4D64-8DAA-1E6FDFD0A4D3}.Debug|Any CPU.Build.0 = Debug|Any CPU
		{118EB5DD-11E2-4D64-8DAA-1E6FDFD0A4D3}.Release|Any CPU.ActiveCfg = Release|Any CPU
		{118EB5DD-11E2-4D64-8DAA-1E6FDFD0A4D3}.Release|Any CPU.Build.0 = Release|Any CPU
	EndGlobalSection
	GlobalSection(SolutionProperties) = preSolution
		HideSolutionNode = FALSE
	EndGlobalSection
	GlobalSection(ExtensibilityGlobals) = postSolution
		SolutionGuid = {F0C576A7-44B6-40DD-AD71-8896FF27115D}
	EndGlobalSection
EndGlobal
